// !$*UTF8*$!
{
	archiveVersion = 1;
	classes = {
	};
	objectVersion = 50;
	objects = {

/* Begin PBXBuildFile section */
		878E8B2C232D006600891B92 /* NewsImageVC.swift in Sources */ = {isa = PBXBuildFile; fileRef = 878E8B2B232D006600891B92 /* NewsImageVC.swift */; };
		878E8B2F232D114000891B92 /* UIViewControllerExtension.swift in Sources */ = {isa = PBXBuildFile; fileRef = 878E8B2E232D114000891B92 /* UIViewControllerExtension.swift */; };
		87FB7AFC23296C2D00EA801B /* AppDelegate.swift in Sources */ = {isa = PBXBuildFile; fileRef = 87FB7AFB23296C2D00EA801B /* AppDelegate.swift */; };
		87FB7AFE23296C2D00EA801B /* MainVC.swift in Sources */ = {isa = PBXBuildFile; fileRef = 87FB7AFD23296C2D00EA801B /* MainVC.swift */; };
		87FB7B0423296C2D00EA801B /* TechNews.xcdatamodeld in Sources */ = {isa = PBXBuildFile; fileRef = 87FB7B0223296C2D00EA801B /* TechNews.xcdatamodeld */; };
		87FB7B0623296C3000EA801B /* Assets.xcassets in Resources */ = {isa = PBXBuildFile; fileRef = 87FB7B0523296C3000EA801B /* Assets.xcassets */; };
		87FB7B13232970A200EA801B /* NetworkService.swift in Sources */ = {isa = PBXBuildFile; fileRef = 87FB7B12232970A200EA801B /* NetworkService.swift */; };
		87FB7B17232975CF00EA801B /* News.swift in Sources */ = {isa = PBXBuildFile; fileRef = 87FB7B16232975CF00EA801B /* News.swift */; };
		87FB7B19232986F300EA801B /* Articles.swift in Sources */ = {isa = PBXBuildFile; fileRef = 87FB7B18232986F300EA801B /* Articles.swift */; };
		87FB7B1B232C109800EA801B /* NewsCell.swift in Sources */ = {isa = PBXBuildFile; fileRef = 87FB7B1A232C109800EA801B /* NewsCell.swift */; };
/* End PBXBuildFile section */

/* Begin PBXFileReference section */
		878E8B2B232D006600891B92 /* NewsImageVC.swift */ = {isa = PBXFileReference; lastKnownFileType = sourcecode.swift; path = NewsImageVC.swift; sourceTree = "<group>"; };
		878E8B2E232D114000891B92 /* UIViewControllerExtension.swift */ = {isa = PBXFileReference; lastKnownFileType = sourcecode.swift; path = UIViewControllerExtension.swift; sourceTree = "<group>"; };
		87FB7AF823296C2D00EA801B /* TechNews.app */ = {isa = PBXFileReference; explicitFileType = wrapper.application; includeInIndex = 0; path = TechNews.app; sourceTree = BUILT_PRODUCTS_DIR; };
		87FB7AFB23296C2D00EA801B /* AppDelegate.swift */ = {isa = PBXFileReference; lastKnownFileType = sourcecode.swift; path = AppDelegate.swift; sourceTree = "<group>"; };
		87FB7AFD23296C2D00EA801B /* MainVC.swift */ = {isa = PBXFileReference; lastKnownFileType = sourcecode.swift; path = MainVC.swift; sourceTree = "<group>"; };
		87FB7B0323296C2D00EA801B /* TechNews.xcdatamodel */ = {isa = PBXFileReference; lastKnownFileType = wrapper.xcdatamodel; path = TechNews.xcdatamodel; sourceTree = "<group>"; };
		87FB7B0523296C3000EA801B /* Assets.xcassets */ = {isa = PBXFileReference; lastKnownFileType = folder.assetcatalog; path = Assets.xcassets; sourceTree = "<group>"; };
		87FB7B0A23296C3000EA801B /* Info.plist */ = {isa = PBXFileReference; lastKnownFileType = text.plist.xml; path = Info.plist; sourceTree = "<group>"; };
		87FB7B12232970A200EA801B /* NetworkService.swift */ = {isa = PBXFileReference; lastKnownFileType = sourcecode.swift; path = NetworkService.swift; sourceTree = "<group>"; };
		87FB7B16232975CF00EA801B /* News.swift */ = {isa = PBXFileReference; lastKnownFileType = sourcecode.swift; path = News.swift; sourceTree = "<group>"; };
		87FB7B18232986F300EA801B /* Articles.swift */ = {isa = PBXFileReference; lastKnownFileType = sourcecode.swift; path = Articles.swift; sourceTree = "<group>"; };
		87FB7B1A232C109800EA801B /* NewsCell.swift */ = {isa = PBXFileReference; lastKnownFileType = sourcecode.swift; path = NewsCell.swift; sourceTree = "<group>"; };
/* End PBXFileReference section */

/* Begin PBXFrameworksBuildPhase section */
		87FB7AF523296C2D00EA801B /* Frameworks */ = {
			isa = PBXFrameworksBuildPhase;
			buildActionMask = 2147483647;
			files = (
			);
			runOnlyForDeploymentPostprocessing = 0;
		};
/* End PBXFrameworksBuildPhase section */

/* Begin PBXGroup section */
		878E8B2D232D112300891B92 /* Extensions */ = {
			isa = PBXGroup;
			children = (
				878E8B2E232D114000891B92 /* UIViewControllerExtension.swift */,
			);
			path = Extensions;
			sourceTree = "<group>";
		};
		87FB7AEF23296C2D00EA801B = {
			isa = PBXGroup;
			children = (
				87FB7AFA23296C2D00EA801B /* TechNews */,
				87FB7AF923296C2D00EA801B /* Products */,
			);
			sourceTree = "<group>";
		};
		87FB7AF923296C2D00EA801B /* Products */ = {
			isa = PBXGroup;
			children = (
				87FB7AF823296C2D00EA801B /* TechNews.app */,
			);
			name = Products;
			sourceTree = "<group>";
		};
		87FB7AFA23296C2D00EA801B /* TechNews */ = {
			isa = PBXGroup;
			children = (
				87FB7AFB23296C2D00EA801B /* AppDelegate.swift */,
				87FB7B112329704600EA801B /* Controllers */,
				87FB7B102329703900EA801B /* Services */,
				87FB7B142329759600EA801B /* Models */,
				87FB7B15232975A800EA801B /* Views */,
				878E8B2D232D112300891B92 /* Extensions */,
				87FB7B0523296C3000EA801B /* Assets.xcassets */,
				87FB7B0A23296C3000EA801B /* Info.plist */,
				87FB7B0223296C2D00EA801B /* TechNews.xcdatamodeld */,
			);
			path = TechNews;
			sourceTree = "<group>";
		};
		87FB7B102329703900EA801B /* Services */ = {
			isa = PBXGroup;
			children = (
				87FB7B12232970A200EA801B /* NetworkService.swift */,
			);
			path = Services;
			sourceTree = "<group>";
		};
		87FB7B112329704600EA801B /* Controllers */ = {
			isa = PBXGroup;
			children = (
				87FB7AFD23296C2D00EA801B /* MainVC.swift */,
				878E8B2B232D006600891B92 /* NewsImageVC.swift */,
			);
			path = Controllers;
			sourceTree = "<group>";
		};
		87FB7B142329759600EA801B /* Models */ = {
			isa = PBXGroup;
			children = (
				87FB7B16232975CF00EA801B /* News.swift */,
				87FB7B18232986F300EA801B /* Articles.swift */,
			);
			path = Models;
			sourceTree = "<group>";
		};
		87FB7B15232975A800EA801B /* Views */ = {
			isa = PBXGroup;
			children = (
				87FB7B1A232C109800EA801B /* NewsCell.swift */,
			);
			path = Views;
			sourceTree = "<group>";
		};
/* End PBXGroup section */

/* Begin PBXNativeTarget section */
		87FB7AF723296C2D00EA801B /* TechNews */ = {
			isa = PBXNativeTarget;
			buildConfigurationList = 87FB7B0D23296C3000EA801B /* Build configuration list for PBXNativeTarget "TechNews" */;
			buildPhases = (
				87FB7AF423296C2D00EA801B /* Sources */,
				87FB7AF523296C2D00EA801B /* Frameworks */,
				87FB7AF623296C2D00EA801B /* Resources */,
			);
			buildRules = (
			);
			dependencies = (
			);
			name = TechNews;
			productName = TechNews;
			productReference = 87FB7AF823296C2D00EA801B /* TechNews.app */;
			productType = "com.apple.product-type.application";
		};
/* End PBXNativeTarget section */

/* Begin PBXProject section */
		87FB7AF023296C2D00EA801B /* Project object */ = {
			isa = PBXProject;
			attributes = {
				LastSwiftUpdateCheck = 1030;
				LastUpgradeCheck = 1030;
				ORGANIZATIONNAME = "Ruslan Akberov";
				TargetAttributes = {
					87FB7AF723296C2D00EA801B = {
						CreatedOnToolsVersion = 10.3;
					};
				};
			};
			buildConfigurationList = 87FB7AF323296C2D00EA801B /* Build configuration list for PBXProject "TechNews" */;
			compatibilityVersion = "Xcode 9.3";
			developmentRegion = en;
			hasScannedForEncodings = 0;
			knownRegions = (
				en,
				Base,
			);
			mainGroup = 87FB7AEF23296C2D00EA801B;
			productRefGroup = 87FB7AF923296C2D00EA801B /* Products */;
			projectDirPath = "";
			projectRoot = "";
			targets = (
				87FB7AF723296C2D00EA801B /* TechNews */,
			);
		};
/* End PBXProject section */

/* Begin PBXResourcesBuildPhase section */
		87FB7AF623296C2D00EA801B /* Resources */ = {
			isa = PBXResourcesBuildPhase;
			buildActionMask = 2147483647;
			files = (
				87FB7B0623296C3000EA801B /* Assets.xcassets in Resources */,
			);
			runOnlyForDeploymentPostprocessing = 0;
		};
/* End PBXResourcesBuildPhase section */

/* Begin PBXSourcesBuildPhase section */
		87FB7AF423296C2D00EA801B /* Sources */ = {
			isa = PBXSourcesBuildPhase;
			buildActionMask = 2147483647;
			files = (
				87FB7B0423296C2D00EA801B /* TechNews.xcdatamodeld in Sources */,
				87FB7AFE23296C2D00EA801B /* MainVC.swift in Sources */,
				878E8B2F232D114000891B92 /* UIViewControllerExtension.swift in Sources */,
				87FB7B13232970A200EA801B /* NetworkService.swift in Sources */,
				87FB7B1B232C109800EA801B /* NewsCell.swift in Sources */,
				87FB7B17232975CF00EA801B /* News.swift in Sources */,
				878E8B2C232D006600891B92 /* NewsImageVC.swift in Sources */,
				87FB7B19232986F300EA801B /* Articles.swift in Sources */,
				87FB7AFC23296C2D00EA801B /* AppDelegate.swift in Sources */,
			);
			runOnlyForDeploymentPostprocessing = 0;
		};
/* End PBXSourcesBuildPhase section */

/* Begin XCBuildConfiguration section */
		87FB7B0B23296C3000EA801B /* Debug */ = {
			isa = XCBuildConfiguration;
			buildSettings = {
				ALWAYS_SEARCH_USER_PATHS = NO;
				CLANG_ANALYZER_NONNULL = YES;
				CLANG_ANALYZER_NUMBER_OBJECT_CONVERSION = YES_AGGRESSIVE;
				CLANG_CXX_LANGUAGE_STANDARD = "gnu++14";
				CLANG_CXX_LIBRARY = "libc++";
				CLANG_ENABLE_MODULES = YES;
				CLANG_ENABLE_OBJC_ARC = YES;
				CLANG_ENABLE_OBJC_WEAK = YES;
				CLANG_WARN_BLOCK_CAPTURE_AUTORELEASING = YES;
				CLANG_WARN_BOOL_CONVERSION = YES;
				CLANG_WARN_COMMA = YES;
				CLANG_WARN_CONSTANT_CONVERSION = YES;
				CLANG_WARN_DEPRECATED_OBJC_IMPLEMENTATIONS = YES;
				CLANG_WARN_DIRECT_OBJC_ISA_USAGE = YES_ERROR;
				CLANG_WARN_DOCUMENTATION_COMMENTS = YES;
				CLANG_WARN_EMPTY_BODY = YES;
				CLANG_WARN_ENUM_CONVERSION = YES;
				CLANG_WARN_INFINITE_RECURSION = YES;
				CLANG_WARN_INT_CONVERSION = YES;
				CLANG_WARN_NON_LITERAL_NULL_CONVERSION = YES;
				CLANG_WARN_OBJC_IMPLICIT_RETAIN_SELF = YES;
				CLANG_WARN_OBJC_LITERAL_CONVERSION = YES;
				CLANG_WARN_OBJC_ROOT_CLASS = YES_ERROR;
				CLANG_WARN_RANGE_LOOP_ANALYSIS = YES;
				CLANG_WARN_STRICT_PROTOTYPES = YES;
				CLANG_WARN_SUSPICIOUS_MOVE = YES;
				CLANG_WARN_UNGUARDED_AVAILABILITY = YES_AGGRESSIVE;
				CLANG_WARN_UNREACHABLE_CODE = YES;
				CLANG_WARN__DUPLICATE_METHOD_MATCH = YES;
				CODE_SIGN_IDENTITY = "iPhone Developer";
				COPY_PHASE_STRIP = NO;
				DEBUG_INFORMATION_FORMAT = dwarf;
				ENABLE_STRICT_OBJC_MSGSEND = YES;
				ENABLE_TESTABILITY = YES;
				GCC_C_LANGUAGE_STANDARD = gnu11;
				GCC_DYNAMIC_NO_PIC = NO;
				GCC_NO_COMMON_BLOCKS = YES;
				GCC_OPTIMIZATION_LEVEL = 0;
				GCC_PREPROCESSOR_DEFINITIONS = (
					"DEBUG=1",
					"$(inherited)",
				);
				GCC_WARN_64_TO_32_BIT_CONVERSION = YES;
				GCC_WARN_ABOUT_RETURN_TYPE = YES_ERROR;
				GCC_WARN_UNDECLARED_SELECTOR = YES;
				GCC_WARN_UNINITIALIZED_AUTOS = YES_AGGRESSIVE;
				GCC_WARN_UNUSED_FUNCTION = YES;
				GCC_WARN_UNUSED_VARIABLE = YES;
				IPHONEOS_DEPLOYMENT_TARGET = 12.4;
				MTL_ENABLE_DEBUG_INFO = INCLUDE_SOURCE;
				MTL_FAST_MATH = YES;
				ONLY_ACTIVE_ARCH = YES;
				SDKROOT = iphoneos;
				SWIFT_ACTIVE_COMPILATION_CONDITIONS = DEBUG;
				SWIFT_OPTIMIZATION_LEVEL = "-Onone";
			};
			name = Debug;
		};
		87FB7B0C23296C3000EA801B /* Release */ = {
			isa = XCBuildConfiguration;
			buildSettings = {
				ALWAYS_SEARCH_USER_PATHS = NO;
				CLANG_ANALYZER_NONNULL = YES;
				CLANG_ANALYZER_NUMBER_OBJECT_CONVERSION = YES_AGGRESSIVE;
				CLANG_CXX_LANGUAGE_STANDARD = "gnu++14";
				CLANG_CXX_LIBRARY = "libc++";
				CLANG_ENABLE_MODULES = YES;
				CLANG_ENABLE_OBJC_ARC = YES;
				CLANG_ENABLE_OBJC_WEAK = YES;
				CLANG_WARN_BLOCK_CAPTURE_AUTORELEASING = YES;
				CLANG_WARN_BOOL_CONVERSION = YES;
				CLANG_WARN_COMMA = YES;
				CLANG_WARN_CONSTANT_CONVERSION = YES;
				CLANG_WARN_DEPRECATED_OBJC_IMPLEMENTATIONS = YES;
				CLANG_WARN_DIRECT_OBJC_ISA_USAGE = YES_ERROR;
				CLANG_WARN_DOCUMENTATION_COMMENTS = YES;
				CLANG_WARN_EMPTY_BODY = YES;
				CLANG_WARN_ENUM_CONVERSION = YES;
				CLANG_WARN_INFINITE_RECURSION = YES;
				CLANG_WARN_INT_CONVERSION = YES;
				CLANG_WARN_NON_LITERAL_NULL_CONVERSION = YES;
				CLANG_WARN_OBJC_IMPLICIT_RETAIN_SELF = YES;
				CLANG_WARN_OBJC_LITERAL_CONVERSION = YES;
				CLANG_WARN_OBJC_ROOT_CLASS = YES_ERROR;
				CLANG_WARN_RANGE_LOOP_ANALYSIS = YES;
				CLANG_WARN_STRICT_PROTOTYPES = YES;
				CLANG_WARN_SUSPICIOUS_MOVE = YES;
				CLANG_WARN_UNGUARDED_AVAILABILITY = YES_AGGRESSIVE;
				CLANG_WARN_UNREACHABLE_CODE = YES;
				CLANG_WARN__DUPLICATE_METHOD_MATCH = YES;
				CODE_SIGN_IDENTITY = "iPhone Developer";
				COPY_PHASE_STRIP = NO;
				DEBUG_INFORMATION_FORMAT = "dwarf-with-dsym";
				ENABLE_NS_ASSERTIONS = NO;
				ENABLE_STRICT_OBJC_MSGSEND = YES;
				GCC_C_LANGUAGE_STANDARD = gnu11;
				GCC_NO_COMMON_BLOCKS = YES;
				GCC_WARN_64_TO_32_BIT_CONVERSION = YES;
				GCC_WARN_ABOUT_RETURN_TYPE = YES_ERROR;
				GCC_WARN_UNDECLARED_SELECTOR = YES;
				GCC_WARN_UNINITIALIZED_AUTOS = YES_AGGRESSIVE;
				GCC_WARN_UNUSED_FUNCTION = YES;
				GCC_WARN_UNUSED_VARIABLE = YES;
				IPHONEOS_DEPLOYMENT_TARGET = 12.4;
				MTL_ENABLE_DEBUG_INFO = NO;
				MTL_FAST_MATH = YES;
				SDKROOT = iphoneos;
				SWIFT_COMPILATION_MODE = wholemodule;
				SWIFT_OPTIMIZATION_LEVEL = "-O";
				VALIDATE_PRODUCT = YES;
			};
			name = Release;
		};
		87FB7B0E23296C3000EA801B /* Debug */ = {
			isa = XCBuildConfiguration;
			buildSettings = {
				ASSETCATALOG_COMPILER_APPICON_NAME = AppIcon;
				CODE_SIGN_STYLE = Automatic;
				DEVELOPMENT_TEAM = JMYF9P9VY4;
				INFOPLIST_FILE = TechNews/Info.plist;
				LD_RUNPATH_SEARCH_PATHS = (
					"$(inherited)",
					"@executable_path/Frameworks",
				);
				PRODUCT_BUNDLE_IDENTIFIER = com.akberovapps.TechNews;
				PRODUCT_NAME = "$(TARGET_NAME)";
				SWIFT_VERSION = 5.0;
				TARGETED_DEVICE_FAMILY = "1,2";
			};
			name = Debug;
		};
		87FB7B0F23296C3000EA801B /* Release */ = {
			isa = XCBuildConfiguration;
			buildSettings = {
				ASSETCATALOG_COMPILER_APPICON_NAME = AppIcon;
				CODE_SIGN_STYLE = Automatic;
				DEVELOPMENT_TEAM = JMYF9P9VY4;
				INFOPLIST_FILE = TechNews/Info.plist;
				LD_RUNPATH_SEARCH_PATHS = (
					"$(inherited)",
					"@executable_path/Frameworks",
				);
				PRODUCT_BUNDLE_IDENTIFIER = com.akberovapps.TechNews;
				PRODUCT_NAME = "$(TARGET_NAME)";
				SWIFT_VERSION = 5.0;
				TARGETED_DEVICE_FAMILY = "1,2";
			};
			name = Release;
		};
/* End XCBuildConfiguration section */

/* Begin XCConfigurationList section */
		87FB7AF323296C2D00EA801B /* Build configuration list for PBXProject "TechNews" */ = {
			isa = XCConfigurationList;
			buildConfigurations = (
				87FB7B0B23296C3000EA801B /* Debug */,
				87FB7B0C23296C3000EA801B /* Release */,
			);
			defaultConfigurationIsVisible = 0;
			defaultConfigurationName = Release;
		};
		87FB7B0D23296C3000EA801B /* Build configuration list for PBXNativeTarget "TechNews" */ = {
			isa = XCConfigurationList;
			buildConfigurations = (
				87FB7B0E23296C3000EA801B /* Debug */,
				87FB7B0F23296C3000EA801B /* Release */,
			);
			defaultConfigurationIsVisible = 0;
			defaultConfigurationName = Release;
		};
/* End XCConfigurationList section */

/* Begin XCVersionGroup section */
		87FB7B0223296C2D00EA801B /* TechNews.xcdatamodeld */ = {
			isa = XCVersionGroup;
			children = (
				87FB7B0323296C2D00EA801B /* TechNews.xcdatamodel */,
			);
			currentVersion = 87FB7B0323296C2D00EA801B /* TechNews.xcdatamodel */;
			path = TechNews.xcdatamodeld;
			sourceTree = "<group>";
			versionGroupType = wrapper.xcdatamodel;
		};
/* End XCVersionGroup section */
	};
	rootObject = 87FB7AF023296C2D00EA801B /* Project object */;
}
